{
  "name": "builders",
  "lockfileVersion": 2,
  "requires": true,
  "packages": {
    "": {
      "license": "UNLICENSED",
      "dependencies": {
        "@now/next": "^2.7.8",
        "@vercel/build-utils": "^6.7.0"
      }
    },
    "node_modules/@now/next": {
      "version": "2.7.8",
      "resolved": "https://registry.npmjs.org/@now/next/-/next-2.7.8.tgz",
      "integrity": "sha512-Y+BZbUMIux4f2Zh4SKDRpVEAcOTUgVKTCxvpzqrjcCVGdd4sS19djO9PdU3C3k161F7joq+deaCeekZKt1FfnQ==",
      "deprecated": "\"@now/next\" is deprecated and will stop receiving updates on December 31, 2020. Please use \"@vercel/next\" instead."
    },
    "node_modules/@vercel/build-utils": {
      "version": "6.7.0",
      "resolved": "https://registry.npmjs.org/@vercel/build-utils/-/build-utils-6.7.0.tgz",
      "integrity": "sha512-1cHgu0AzETSMLo1ugeHOT2pcrXNoZb1bwgxBP7yTIlJAKWLIEqPHbJWFvKQXZl2FV3kzzTctTrw/YNUWmntYiA=="
    }
  },
  "dependencies": {
    "@now/next": {
      "version": "2.7.8",
      "resolved": "https://registry.npmjs.org/@now/next/-/next-2.7.8.tgz",
      "integrity": "sha512-Y+BZbUMIux4f2Zh4SKDRpVEAcOTUgVKTCxvpzqrjcCVGdd4sS19djO9PdU3C3k161F7joq+deaCeekZKt1FfnQ=="
    },
    "@vercel/build-utils": {
      "version": "6.7.0",
      "resolved": "https://registry.npmjs.org/@vercel/build-utils/-/build-utils-6.7.0.tgz",
      "integrity": "sha512-1cHgu0AzETSMLo1ugeHOT2pcrXNoZb1bwgxBP7yTIlJAKWLIEqPHbJWFvKQXZl2FV3kzzTctTrw/YNUWmntYiA=="
    }
  }
}
